# This file is automatically @generated by Cargo.
# It is not intended for manual editing.
version = 4

[[package]]
name = "grate-rs"
version = "0.1.0"
source = "git+https://github.com/Lind-Project/lind-wasm-example-grates?branch=main#e6a908bcd2cc2cd89b186e42b018f2c121aae462"
dependencies = [
 "libc",
]

[[package]]
name = "libc"
version = "0.2.184"
source = "registry+https://github.com/rust-lang/crates.io-index"
checksum = "48f5d2a454e16a5ea0f4ced81bd44e4cfc7bd3a507b61887c99fd3538b28e4af"

[[package]]
name = "write_filter-grate"
version = "0.1.0"
dependencies = [
 "grate-rs",
 "libc",
]
